
Microsoft Visual Studio Solution File, Format Version 12.00
# Visual Studio Version 17
VisualStudioVersion = 17.8.34330.188
MinimumVisualStudioVersion = 10.0.40219.1
Project("{FAE04EC0-301F-11D3-BF4B-00C04F79EFBC}") = "IntDeclarations", "IntDeclarations\IntDeclarations.csproj", "{40CC0817-CF18-45CB-AEDA-F5AC1704C6BA}"
EndProject
Global
	GlobalSection(SolutionConfigurationPlatforms) = preSolution
		Debug|Any CPU = Debug|Any CPU
		Release|Any CPU = Release|Any CPU
	EndGlobalSection
	GlobalSection(ProjectConfigurationPlatforms) = postSolution
		{40CC0817-CF18-45CB-AEDA-F5AC1704C6BA}.Debug|Any CPU.ActiveCfg = Debug|Any CPU
		{40CC0817-CF18-45CB-AEDA-F5AC1704C6BA}.Debug|Any CPU.Build.0 = Debug|Any CPU
		{40CC0817-CF18-45CB-AEDA-F5AC1704C6BA}.Release|Any CPU.ActiveCfg = Release|Any CPU
		{40CC0817-CF18-45CB-AEDA-F5AC1704C6BA}.Release|Any CPU.Build.0 = Release|Any CPU
	EndGlobalSection
	GlobalSection(SolutionProperties) = preSolution
		HideSolutionNode = FALSE
	EndGlobalSection
	GlobalSection(ExtensibilityGlobals) = postSolution
		SolutionGuid = {178FAE24-E26A-429B-A13E-E6AC18C6EE7B}
	EndGlobalSection
EndGlobal
