
Microsoft Visual Studio Solution File, Format Version 12.00
# Visual Studio Version 17
VisualStudioVersion = 17.8.34330.188
MinimumVisualStudioVersion = 10.0.40219.1
Project("{FAE04EC0-301F-11D3-BF4B-00C04F79EFBC}") = "ConsoleApp1", "ConsoleApp1\ConsoleApp1.csproj", "{05AB9895-718E-4759-9F50-552CB3EB5438}"
EndProject
Global
	GlobalSection(SolutionConfigurationPlatforms) = preSolution
		Debug|Any CPU = Debug|Any CPU
		Release|Any CPU = Release|Any CPU
	EndGlobalSection
	GlobalSection(ProjectConfigurationPlatforms) = postSolution
		{05AB9895-718E-4759-9F50-552CB3EB5438}.Debug|Any CPU.ActiveCfg = Debug|Any CPU
		{05AB9895-718E-4759-9F50-552CB3EB5438}.Debug|Any CPU.Build.0 = Debug|Any CPU
		{05AB9895-718E-4759-9F50-552CB3EB5438}.Release|Any CPU.ActiveCfg = Release|Any CPU
		{05AB9895-718E-4759-9F50-552CB3EB5438}.Release|Any CPU.Build.0 = Release|Any CPU
	EndGlobalSection
	GlobalSection(SolutionProperties) = preSolution
		HideSolutionNode = FALSE
	EndGlobalSection
	GlobalSection(ExtensibilityGlobals) = postSolution
		SolutionGuid = {9DBA4F16-D1AE-43FA-AE30-027108D2C5AF}
	EndGlobalSection
EndGlobal
