
Microsoft Visual Studio Solution File, Format Version 12.00
# Visual Studio Version 17
VisualStudioVersion = 17.8.34330.188
MinimumVisualStudioVersion = 10.0.40219.1
Project("{FAE04EC0-301F-11D3-BF4B-00C04F79EFBC}") = "parsingstr_int", "parsingstr_int\parsingstr_int.csproj", "{C34D591E-CCD8-47FC-8824-FD5EF0B14E43}"
EndProject
Global
	GlobalSection(SolutionConfigurationPlatforms) = preSolution
		Debug|Any CPU = Debug|Any CPU
		Release|Any CPU = Release|Any CPU
	EndGlobalSection
	GlobalSection(ProjectConfigurationPlatforms) = postSolution
		{C34D591E-CCD8-47FC-8824-FD5EF0B14E43}.Debug|Any CPU.ActiveCfg = Debug|Any CPU
		{C34D591E-CCD8-47FC-8824-FD5EF0B14E43}.Debug|Any CPU.Build.0 = Debug|Any CPU
		{C34D591E-CCD8-47FC-8824-FD5EF0B14E43}.Release|Any CPU.ActiveCfg = Release|Any CPU
		{C34D591E-CCD8-47FC-8824-FD5EF0B14E43}.Release|Any CPU.Build.0 = Release|Any CPU
	EndGlobalSection
	GlobalSection(SolutionProperties) = preSolution
		HideSolutionNode = FALSE
	EndGlobalSection
	GlobalSection(ExtensibilityGlobals) = postSolution
		SolutionGuid = {72FDC57D-D2CD-40E3-B0EF-DD477AF368F1}
	EndGlobalSection
EndGlobal
