
Microsoft Visual Studio Solution File, Format Version 12.00
# Visual Studio Version 17
VisualStudioVersion = 17.8.34330.188
MinimumVisualStudioVersion = 10.0.40219.1
Project("{FAE04EC0-301F-11D3-BF4B-00C04F79EFBC}") = "IntTypes", "IntTypes\IntTypes.csproj", "{BC1F72C3-717D-469F-9265-CD723868BA26}"
EndProject
Global
	GlobalSection(SolutionConfigurationPlatforms) = preSolution
		Debug|Any CPU = Debug|Any CPU
		Release|Any CPU = Release|Any CPU
	EndGlobalSection
	GlobalSection(ProjectConfigurationPlatforms) = postSolution
		{BC1F72C3-717D-469F-9265-CD723868BA26}.Debug|Any CPU.ActiveCfg = Debug|Any CPU
		{BC1F72C3-717D-469F-9265-CD723868BA26}.Debug|Any CPU.Build.0 = Debug|Any CPU
		{BC1F72C3-717D-469F-9265-CD723868BA26}.Release|Any CPU.ActiveCfg = Release|Any CPU
		{BC1F72C3-717D-469F-9265-CD723868BA26}.Release|Any CPU.Build.0 = Release|Any CPU
	EndGlobalSection
	GlobalSection(SolutionProperties) = preSolution
		HideSolutionNode = FALSE
	EndGlobalSection
	GlobalSection(ExtensibilityGlobals) = postSolution
		SolutionGuid = {D2976DF0-148A-4A06-A626-51AE4E6541AF}
	EndGlobalSection
EndGlobal
